// !$*UTF8*$!
{
	archiveVersion = 1;
	classes = {
	};
	objectVersion = 46;
	objects = {

/* Begin PBXBuildFile section */
		16B62C2C69C07F9C31713B19 /* Pods_Game.framework in Frameworks */ = {isa = PBXBuildFile; fileRef = 5DEABF4C8AC0BF06B67CBF3B /* Pods_Game.framework */; };
		273A8B331D89048F002F35D5 /* AppDelegate.swift in Sources */ = {isa = PBXBuildFile; fileRef = 273A8B321D89048F002F35D5 /* AppDelegate.swift */; };
		273A8B381D89048F002F35D5 /* Main.storyboard in Resources */ = {isa = PBXBuildFile; fileRef = 273A8B361D89048F002F35D5 /* Main.storyboard */; };
		273A8B3A1D89048F002F35D5 /* Assets.xcassets in Resources */ = {isa = PBXBuildFile; fileRef = 273A8B391D89048F002F35D5 /* Assets.xcassets */; };
		273A8B3D1D89048F002F35D5 /* LaunchScreen.storyboard in Resources */ = {isa = PBXBuildFile; fileRef = 273A8B3B1D89048F002F35D5 /* LaunchScreen.storyboard */; };
		273D93431D8A494800F827A2 /* Frank.mp3 in Resources */ = {isa = PBXBuildFile; fileRef = 273D93421D8A494800F827A2 /* Frank.mp3 */; };
		273D93451D8A521D00F827A2 /* frank2.mp3 in Resources */ = {isa = PBXBuildFile; fileRef = 273D93441D8A521D00F827A2 /* frank2.mp3 */; };
		27427CA31DB1755D00F1E7ED /* StatsButton.swift in Sources */ = {isa = PBXBuildFile; fileRef = 27427CA21DB1755D00F1E7ED /* StatsButton.swift */; };
		2774711B1D8A6EF7005C7367 /* YellowButton.swift in Sources */ = {isa = PBXBuildFile; fileRef = 2774711A1D8A6EF7005C7367 /* YellowButton.swift */; };
		277909D31DB420870045D448 /* CameraViewController.swift in Sources */ = {isa = PBXBuildFile; fileRef = 277909D21DB420870045D448 /* CameraViewController.swift */; };
		278C39AF1DA2E0E500A7EE06 /* ListViewController.swift in Sources */ = {isa = PBXBuildFile; fileRef = 278C39AE1DA2E0E500A7EE06 /* ListViewController.swift */; };
		27BA67BE1DA71C1600718048 /* charlie.mp3 in Resources */ = {isa = PBXBuildFile; fileRef = 27BA67BD1DA71C1600718048 /* charlie.mp3 */; };
		27CD7EE81D9EF50700EDEB4F /* AddFace.swift in Sources */ = {isa = PBXBuildFile; fileRef = 27CD7EE71D9EF50700EDEB4F /* AddFace.swift */; };
		27DED7401D8B4D2C009FBCD8 /* FaceImage.swift in Sources */ = {isa = PBXBuildFile; fileRef = 27DED73F1D8B4D2C009FBCD8 /* FaceImage.swift */; };
		27E2908D1D8A6D9F009FF3E3 /* ButtonKit.swift in Sources */ = {isa = PBXBuildFile; fileRef = 27E2908C1D8A6D9F009FF3E3 /* ButtonKit.swift */; };
		27EF53451D8A198B004EBFD1 /* FaceViewController.swift in Sources */ = {isa = PBXBuildFile; fileRef = 27EF53441D8A198B004EBFD1 /* FaceViewController.swift */; };
/* End PBXBuildFile section */

/* Begin PBXFileReference section */
		273A8B2F1D89048F002F35D5 /* Game.app */ = {isa = PBXFileReference; explicitFileType = wrapper.application; includeInIndex = 0; path = Game.app; sourceTree = BUILT_PRODUCTS_DIR; };
		273A8B321D89048F002F35D5 /* AppDelegate.swift */ = {isa = PBXFileReference; lastKnownFileType = sourcecode.swift; path = AppDelegate.swift; sourceTree = "<group>"; };
		273A8B371D89048F002F35D5 /* Base */ = {isa = PBXFileReference; lastKnownFileType = file.storyboard; name = Base; path = Base.lproj/Main.storyboard; sourceTree = "<group>"; };
		273A8B391D89048F002F35D5 /* Assets.xcassets */ = {isa = PBXFileReference; lastKnownFileType = folder.assetcatalog; path = Assets.xcassets; sourceTree = "<group>"; };
		273A8B3C1D89048F002F35D5 /* Base */ = {isa = PBXFileReference; lastKnownFileType = file.storyboard; name = Base; path = Base.lproj/LaunchScreen.storyboard; sourceTree = "<group>"; };
		273A8B3E1D89048F002F35D5 /* Info.plist */ = {isa = PBXFileReference; lastKnownFileType = text.plist.xml; path = Info.plist; sourceTree = "<group>"; };
		273D93421D8A494800F827A2 /* Frank.mp3 */ = {isa = PBXFileReference; lastKnownFileType = audio.mp3; path = Frank.mp3; sourceTree = "<group>"; };
		273D93441D8A521D00F827A2 /* frank2.mp3 */ = {isa = PBXFileReference; lastKnownFileType = audio.mp3; path = frank2.mp3; sourceTree = "<group>"; };
		27427CA21DB1755D00F1E7ED /* StatsButton.swift */ = {isa = PBXFileReference; fileEncoding = 4; lastKnownFileType = sourcecode.swift; path = StatsButton.swift; sourceTree = "<group>"; };
		2774711A1D8A6EF7005C7367 /* YellowButton.swift */ = {isa = PBXFileReference; fileEncoding = 4; lastKnownFileType = sourcecode.swift; path = YellowButton.swift; sourceTree = "<group>"; };
		277909D21DB420870045D448 /* CameraViewController.swift */ = {isa = PBXFileReference; fileEncoding = 4; lastKnownFileType = sourcecode.swift; path = CameraViewController.swift; sourceTree = "<group>"; };
		278C39AE1DA2E0E500A7EE06 /* ListViewController.swift */ = {isa = PBXFileReference; fileEncoding = 4; lastKnownFileType = sourcecode.swift; path = ListViewController.swift; sourceTree = "<group>"; };
		27BA67BD1DA71C1600718048 /* charlie.mp3 */ = {isa = PBXFileReference; lastKnownFileType = audio.mp3; path = charlie.mp3; sourceTree = "<group>"; };
		27CD7EE71D9EF50700EDEB4F /* AddFace.swift */ = {isa = PBXFileReference; fileEncoding = 4; lastKnownFileType = sourcecode.swift; path = AddFace.swift; sourceTree = "<group>"; };
		27DED73F1D8B4D2C009FBCD8 /* FaceImage.swift */ = {isa = PBXFileReference; fileEncoding = 4; lastKnownFileType = sourcecode.swift; path = FaceImage.swift; sourceTree = "<group>"; };
		27E2908C1D8A6D9F009FF3E3 /* ButtonKit.swift */ = {isa = PBXFileReference; fileEncoding = 4; lastKnownFileType = sourcecode.swift; path = ButtonKit.swift; sourceTree = "<group>"; };
		27EF53441D8A198B004EBFD1 /* FaceViewController.swift */ = {isa = PBXFileReference; fileEncoding = 4; lastKnownFileType = sourcecode.swift; path = FaceViewController.swift; sourceTree = "<group>"; };
		53DBBAA996EC0B1E0124243F /* Pods-Game.release.xcconfig */ = {isa = PBXFileReference; includeInIndex = 1; lastKnownFileType = text.xcconfig; name = "Pods-Game.release.xcconfig"; path = "Pods/Target Support Files/Pods-Game/Pods-Game.release.xcconfig"; sourceTree = "<group>"; };
		5DEABF4C8AC0BF06B67CBF3B /* Pods_Game.framework */ = {isa = PBXFileReference; explicitFileType = wrapper.framework; includeInIndex = 0; path = Pods_Game.framework; sourceTree = BUILT_PRODUCTS_DIR; };
		C9B7342787F305F630A71416 /* Pods-Game.debug.xcconfig */ = {isa = PBXFileReference; includeInIndex = 1; lastKnownFileType = text.xcconfig; name = "Pods-Game.debug.xcconfig"; path = "Pods/Target Support Files/Pods-Game/Pods-Game.debug.xcconfig"; sourceTree = "<group>"; };
/* End PBXFileReference section */

/* Begin PBXFrameworksBuildPhase section */
		273A8B2C1D89048F002F35D5 /* Frameworks */ = {
			isa = PBXFrameworksBuildPhase;
			buildActionMask = 2147483647;
			files = (
				16B62C2C69C07F9C31713B19 /* Pods_Game.framework in Frameworks */,
			);
			runOnlyForDeploymentPostprocessing = 0;
		};
/* End PBXFrameworksBuildPhase section */

/* Begin PBXGroup section */
		273A8B261D89048F002F35D5 = {
			isa = PBXGroup;
			children = (
				273A8B311D89048F002F35D5 /* Game */,
				273A8B301D89048F002F35D5 /* Products */,
				994CE2A68578CE7D2A7E3B87 /* Pods */,
				5385A93978DF4333A7A374AD /* Frameworks */,
			);
			sourceTree = "<group>";
		};
		273A8B301D89048F002F35D5 /* Products */ = {
			isa = PBXGroup;
			children = (
				273A8B2F1D89048F002F35D5 /* Game.app */,
			);
			name = Products;
			sourceTree = "<group>";
		};
		273A8B311D89048F002F35D5 /* Game */ = {
			isa = PBXGroup;
			children = (
				27BA67BD1DA71C1600718048 /* charlie.mp3 */,
				27E2908C1D8A6D9F009FF3E3 /* ButtonKit.swift */,
				273D93441D8A521D00F827A2 /* frank2.mp3 */,
				273D93421D8A494800F827A2 /* Frank.mp3 */,
				273A8B321D89048F002F35D5 /* AppDelegate.swift */,
				273A8B361D89048F002F35D5 /* Main.storyboard */,
				273A8B391D89048F002F35D5 /* Assets.xcassets */,
				273A8B3B1D89048F002F35D5 /* LaunchScreen.storyboard */,
				273A8B3E1D89048F002F35D5 /* Info.plist */,
				27EF53441D8A198B004EBFD1 /* FaceViewController.swift */,
				2774711A1D8A6EF7005C7367 /* YellowButton.swift */,
				27DED73F1D8B4D2C009FBCD8 /* FaceImage.swift */,
				27CD7EE71D9EF50700EDEB4F /* AddFace.swift */,
				278C39AE1DA2E0E500A7EE06 /* ListViewController.swift */,
				27427CA21DB1755D00F1E7ED /* StatsButton.swift */,
				277909D21DB420870045D448 /* CameraViewController.swift */,
			);
			path = Game;
			sourceTree = "<group>";
		};
		5385A93978DF4333A7A374AD /* Frameworks */ = {
			isa = PBXGroup;
			children = (
				5DEABF4C8AC0BF06B67CBF3B /* Pods_Game.framework */,
			);
			name = Frameworks;
			sourceTree = "<group>";
		};
		994CE2A68578CE7D2A7E3B87 /* Pods */ = {
			isa = PBXGroup;
			children = (
				C9B7342787F305F630A71416 /* Pods-Game.debug.xcconfig */,
				53DBBAA996EC0B1E0124243F /* Pods-Game.release.xcconfig */,
			);
			name = Pods;
			sourceTree = "<group>";
		};
/* End PBXGroup section */

/* Begin PBXNativeTarget section */
		273A8B2E1D89048F002F35D5 /* Game */ = {
			isa = PBXNativeTarget;
			buildConfigurationList = 273A8B411D89048F002F35D5 /* Build configuration list for PBXNativeTarget "Game" */;
			buildPhases = (
				E4FF3234B9263447F71AA42C /* 📦 Check Pods Manifest.lock */,
				273A8B2B1D89048F002F35D5 /* Sources */,
				273A8B2C1D89048F002F35D5 /* Frameworks */,
				273A8B2D1D89048F002F35D5 /* Resources */,
				E94542B967D3CE869B3D2F8F /* 📦 Embed Pods Frameworks */,
				A1D92A90C99D1494A4F4180B /* 📦 Copy Pods Resources */,
			);
			buildRules = (
			);
			dependencies = (
			);
			name = Game;
			productName = Game;
			productReference = 273A8B2F1D89048F002F35D5 /* Game.app */;
			productType = "com.apple.product-type.application";
		};
/* End PBXNativeTarget section */

/* Begin PBXProject section */
		273A8B271D89048F002F35D5 /* Project object */ = {
			isa = PBXProject;
			attributes = {
				LastSwiftUpdateCheck = 0730;
				LastUpgradeCheck = 0730;
				ORGANIZATIONNAME = JoeyNutinsky;
				TargetAttributes = {
					273A8B2E1D89048F002F35D5 = {
						CreatedOnToolsVersion = 7.3;
						DevelopmentTeam = QSK8AXMLP8;
						LastSwiftMigration = 0800;
					};
				};
			};
			buildConfigurationList = 273A8B2A1D89048F002F35D5 /* Build configuration list for PBXProject "Game" */;
			compatibilityVersion = "Xcode 3.2";
			developmentRegion = English;
			hasScannedForEncodings = 0;
			knownRegions = (
				en,
				Base,
			);
			mainGroup = 273A8B261D89048F002F35D5;
			productRefGroup = 273A8B301D89048F002F35D5 /* Products */;
			projectDirPath = "";
			projectRoot = "";
			targets = (
				273A8B2E1D89048F002F35D5 /* Game */,
			);
		};
/* End PBXProject section */

/* Begin PBXResourcesBuildPhase section */
		273A8B2D1D89048F002F35D5 /* Resources */ = {
			isa = PBXResourcesBuildPhase;
			buildActionMask = 2147483647;
			files = (
				273D93451D8A521D00F827A2 /* frank2.mp3 in Resources */,
				273A8B3D1D89048F002F35D5 /* LaunchScreen.storyboard in Resources */,
				273D93431D8A494800F827A2 /* Frank.mp3 in Resources */,
				273A8B3A1D89048F002F35D5 /* Assets.xcassets in Resources */,
				27BA67BE1DA71C1600718048 /* charlie.mp3 in Resources */,
				273A8B381D89048F002F35D5 /* Main.storyboard in Resources */,
			);
			runOnlyForDeploymentPostprocessing = 0;
		};
/* End PBXResourcesBuildPhase section */

/* Begin PBXShellScriptBuildPhase section */
		A1D92A90C99D1494A4F4180B /* 📦 Copy Pods Resources */ = {
			isa = PBXShellScriptBuildPhase;
			buildActionMask = 2147483647;
			files = (
			);
			inputPaths = (
			);
			name = "📦 Copy Pods Resources";
			outputPaths = (
			);
			runOnlyForDeploymentPostprocessing = 0;
			shellPath = /bin/sh;
			shellScript = "\"${SRCROOT}/Pods/Target Support Files/Pods-Game/Pods-Game-resources.sh\"\n";
			showEnvVarsInLog = 0;
		};
		E4FF3234B9263447F71AA42C /* 📦 Check Pods Manifest.lock */ = {
			isa = PBXShellScriptBuildPhase;
			buildActionMask = 2147483647;
			files = (
			);
			inputPaths = (
			);
			name = "📦 Check Pods Manifest.lock";
			outputPaths = (
			);
			runOnlyForDeploymentPostprocessing = 0;
			shellPath = /bin/sh;
			shellScript = "diff \"${PODS_ROOT}/../Podfile.lock\" \"${PODS_ROOT}/Manifest.lock\" > /dev/null\nif [[ $? != 0 ]] ; then\n    cat << EOM\nerror: The sandbox is not in sync with the Podfile.lock. Run 'pod install' or update your CocoaPods installation.\nEOM\n    exit 1\nfi\n";
			showEnvVarsInLog = 0;
		};
		E94542B967D3CE869B3D2F8F /* 📦 Embed Pods Frameworks */ = {
			isa = PBXShellScriptBuildPhase;
			buildActionMask = 2147483647;
			files = (
			);
			inputPaths = (
			);
			name = "📦 Embed Pods Frameworks";
			outputPaths = (
			);
			runOnlyForDeploymentPostprocessing = 0;
			shellPath = /bin/sh;
			shellScript = "\"${SRCROOT}/Pods/Target Support Files/Pods-Game/Pods-Game-frameworks.sh\"\n";
			showEnvVarsInLog = 0;
		};
/* End PBXShellScriptBuildPhase section */

/* Begin PBXSourcesBuildPhase section */
		273A8B2B1D89048F002F35D5 /* Sources */ = {
			isa = PBXSourcesBuildPhase;
			buildActionMask = 2147483647;
			files = (
				27EF53451D8A198B004EBFD1 /* FaceViewController.swift in Sources */,
				2774711B1D8A6EF7005C7367 /* YellowButton.swift in Sources */,
				27CD7EE81D9EF50700EDEB4F /* AddFace.swift in Sources */,
				273A8B331D89048F002F35D5 /* AppDelegate.swift in Sources */,
				27E2908D1D8A6D9F009FF3E3 /* ButtonKit.swift in Sources */,
				27DED7401D8B4D2C009FBCD8 /* FaceImage.swift in Sources */,
				278C39AF1DA2E0E500A7EE06 /* ListViewController.swift in Sources */,
				27427CA31DB1755D00F1E7ED /* StatsButton.swift in Sources */,
				277909D31DB420870045D448 /* CameraViewController.swift in Sources */,
			);
			runOnlyForDeploymentPostprocessing = 0;
		};
/* End PBXSourcesBuildPhase section */

/* Begin PBXVariantGroup section */
		273A8B361D89048F002F35D5 /* Main.storyboard */ = {
			isa = PBXVariantGroup;
			children = (
				273A8B371D89048F002F35D5 /* Base */,
			);
			name = Main.storyboard;
			sourceTree = "<group>";
		};
		273A8B3B1D89048F002F35D5 /* LaunchScreen.storyboard */ = {
			isa = PBXVariantGroup;
			children = (
				273A8B3C1D89048F002F35D5 /* Base */,
			);
			name = LaunchScreen.storyboard;
			sourceTree = "<group>";
		};
/* End PBXVariantGroup section */

/* Begin XCBuildConfiguration section */
		273A8B3F1D89048F002F35D5 /* Debug */ = {
			isa = XCBuildConfiguration;
			buildSettings = {
				ALWAYS_SEARCH_USER_PATHS = NO;
				CLANG_ANALYZER_NONNULL = YES;
				CLANG_CXX_LANGUAGE_STANDARD = "gnu++0x";
				CLANG_CXX_LIBRARY = "libc++";
				CLANG_ENABLE_MODULES = YES;
				CLANG_ENABLE_OBJC_ARC = YES;
				CLANG_WARN_BOOL_CONVERSION = YES;
				CLANG_WARN_CONSTANT_CONVERSION = YES;
				CLANG_WARN_DIRECT_OBJC_ISA_USAGE = YES_ERROR;
				CLANG_WARN_EMPTY_BODY = YES;
				CLANG_WARN_ENUM_CONVERSION = YES;
				CLANG_WARN_INT_CONVERSION = YES;
				CLANG_WARN_OBJC_ROOT_CLASS = YES_ERROR;
				CLANG_WARN_UNREACHABLE_CODE = YES;
				CLANG_WARN__DUPLICATE_METHOD_MATCH = YES;
				"CODE_SIGN_IDENTITY[sdk=iphoneos*]" = "iPhone Developer";
				COPY_PHASE_STRIP = NO;
				DEBUG_INFORMATION_FORMAT = dwarf;
				ENABLE_STRICT_OBJC_MSGSEND = YES;
				ENABLE_TESTABILITY = YES;
				GCC_C_LANGUAGE_STANDARD = gnu99;
				GCC_DYNAMIC_NO_PIC = NO;
				GCC_NO_COMMON_BLOCKS = YES;
				GCC_OPTIMIZATION_LEVEL = 0;
				GCC_PREPROCESSOR_DEFINITIONS = (
					"DEBUG=1",
					"$(inherited)",
				);
				GCC_WARN_64_TO_32_BIT_CONVERSION = YES;
				GCC_WARN_ABOUT_RETURN_TYPE = YES_ERROR;
				GCC_WARN_UNDECLARED_SELECTOR = YES;
				GCC_WARN_UNINITIALIZED_AUTOS = YES_AGGRESSIVE;
				GCC_WARN_UNUSED_FUNCTION = YES;
				GCC_WARN_UNUSED_VARIABLE = YES;
				IPHONEOS_DEPLOYMENT_TARGET = 9.3;
				MTL_ENABLE_DEBUG_INFO = YES;
				ONLY_ACTIVE_ARCH = YES;
				SDKROOT = iphoneos;
				SWIFT_OPTIMIZATION_LEVEL = "-Onone";
			};
			name = Debug;
		};
		273A8B401D89048F002F35D5 /* Release */ = {
			isa = XCBuildConfiguration;
			buildSettings = {
				ALWAYS_SEARCH_USER_PATHS = NO;
				CLANG_ANALYZER_NONNULL = YES;
				CLANG_CXX_LANGUAGE_STANDARD = "gnu++0x";
				CLANG_CXX_LIBRARY = "libc++";
				CLANG_ENABLE_MODULES = YES;
				CLANG_ENABLE_OBJC_ARC = YES;
				CLANG_WARN_BOOL_CONVERSION = YES;
				CLANG_WARN_CONSTANT_CONVERSION = YES;
				CLANG_WARN_DIRECT_OBJC_ISA_USAGE = YES_ERROR;
				CLANG_WARN_EMPTY_BODY = YES;
				CLANG_WARN_ENUM_CONVERSION = YES;
				CLANG_WARN_INT_CONVERSION = YES;
				CLANG_WARN_OBJC_ROOT_CLASS = YES_ERROR;
				CLANG_WARN_UNREACHABLE_CODE = YES;
				CLANG_WARN__DUPLICATE_METHOD_MATCH = YES;
				"CODE_SIGN_IDENTITY[sdk=iphoneos*]" = "iPhone Developer";
				COPY_PHASE_STRIP = NO;
				DEBUG_INFORMATION_FORMAT = "dwarf-with-dsym";
				ENABLE_NS_ASSERTIONS = NO;
				ENABLE_STRICT_OBJC_MSGSEND = YES;
				GCC_C_LANGUAGE_STANDARD = gnu99;
				GCC_NO_COMMON_BLOCKS = YES;
				GCC_WARN_64_TO_32_BIT_CONVERSION = YES;
				GCC_WARN_ABOUT_RETURN_TYPE = YES_ERROR;
				GCC_WARN_UNDECLARED_SELECTOR = YES;
				GCC_WARN_UNINITIALIZED_AUTOS = YES_AGGRESSIVE;
				GCC_WARN_UNUSED_FUNCTION = YES;
				GCC_WARN_UNUSED_VARIABLE = YES;
				IPHONEOS_DEPLOYMENT_TARGET = 9.3;
				MTL_ENABLE_DEBUG_INFO = NO;
				SDKROOT = iphoneos;
				VALIDATE_PRODUCT = YES;
			};
			name = Release;
		};
		273A8B421D89048F002F35D5 /* Debug */ = {
			isa = XCBuildConfiguration;
			baseConfigurationReference = C9B7342787F305F630A71416 /* Pods-Game.debug.xcconfig */;
			buildSettings = {
				ASSETCATALOG_COMPILER_APPICON_NAME = AppIcon;
				DEVELOPMENT_TEAM = QSK8AXMLP8;
				INFOPLIST_FILE = Game/Info.plist;
				LD_RUNPATH_SEARCH_PATHS = "$(inherited) @executable_path/Frameworks";
				PRODUCT_BUNDLE_IDENTIFIER = com.JoeyNutinsky.Game;
				PRODUCT_NAME = "$(TARGET_NAME)";
				SWIFT_VERSION = 3.0;
			};
			name = Debug;
		};
		273A8B431D89048F002F35D5 /* Release */ = {
			isa = XCBuildConfiguration;
			baseConfigurationReference = 53DBBAA996EC0B1E0124243F /* Pods-Game.release.xcconfig */;
			buildSettings = {
				ASSETCATALOG_COMPILER_APPICON_NAME = AppIcon;
				DEVELOPMENT_TEAM = QSK8AXMLP8;
				INFOPLIST_FILE = Game/Info.plist;
				LD_RUNPATH_SEARCH_PATHS = "$(inherited) @executable_path/Frameworks";
				PRODUCT_BUNDLE_IDENTIFIER = com.JoeyNutinsky.Game;
				PRODUCT_NAME = "$(TARGET_NAME)";
				SWIFT_VERSION = 3.0;
			};
			name = Release;
		};
/* End XCBuildConfiguration section */

/* Begin XCConfigurationList section */
		273A8B2A1D89048F002F35D5 /* Build configuration list for PBXProject "Game" */ = {
			isa = XCConfigurationList;
			buildConfigurations = (
				273A8B3F1D89048F002F35D5 /* Debug */,
				273A8B401D89048F002F35D5 /* Release */,
			);
			defaultConfigurationIsVisible = 0;
			defaultConfigurationName = Release;
		};
		273A8B411D89048F002F35D5 /* Build configuration list for PBXNativeTarget "Game" */ = {
			isa = XCConfigurationList;
			buildConfigurations = (
				273A8B421D89048F002F35D5 /* Debug */,
				273A8B431D89048F002F35D5 /* Release */,
			);
			defaultConfigurationIsVisible = 0;
			defaultConfigurationName = Release;
		};
/* End XCConfigurationList section */
	};
	rootObject = 273A8B271D89048F002F35D5 /* Project object */;
}
